
Microsoft Visual Studio Solution File, Format Version 12.00
Project("{FAE04EC0-301F-11D3-BF4B-00C04F79EFBC}") = "PzCheeseria.Api", "PzCheeseria.Api\PzCheeseria.Api.csproj", "{1307FCF3-ABBB-4E79-B102-1AAEC527C03E}"
EndProject
Project("{FAE04EC0-301F-11D3-BF4B-00C04F79EFBC}") = "PZCheeseria.Domain", "PZCheeseria.Domain\PZCheeseria.Domain.csproj", "{4E6F9E5C-0657-47FD-8AE6-247176748091}"
EndProject
Project("{FAE04EC0-301F-11D3-BF4B-00C04F79EFBC}") = "PzCheeseria.Persistence", "PzCheeseria.Persistence\PzCheeseria.Persistence.csproj", "{DEC1BEF5-2BA3-4770-B5F3-09851DC8B8D2}"
EndProject
Global
	GlobalSection(SolutionConfigurationPlatforms) = preSolution
		Debug|Any CPU = Debug|Any CPU
		Release|Any CPU = Release|Any CPU
	EndGlobalSection
	GlobalSection(ProjectConfigurationPlatforms) = postSolution
		{1307FCF3-ABBB-4E79-B102-1AAEC527C03E}.Debug|Any CPU.ActiveCfg = Debug|Any CPU
		{1307FCF3-ABBB-4E79-B102-1AAEC527C03E}.Debug|Any CPU.Build.0 = Debug|Any CPU
		{1307FCF3-ABBB-4E79-B102-1AAEC527C03E}.Release|Any CPU.ActiveCfg = Release|Any CPU
		{1307FCF3-ABBB-4E79-B102-1AAEC527C03E}.Release|Any CPU.Build.0 = Release|Any CPU
		{4E6F9E5C-0657-47FD-8AE6-247176748091}.Debug|Any CPU.ActiveCfg = Debug|Any CPU
		{4E6F9E5C-0657-47FD-8AE6-247176748091}.Debug|Any CPU.Build.0 = Debug|Any CPU
		{4E6F9E5C-0657-47FD-8AE6-247176748091}.Release|Any CPU.ActiveCfg = Release|Any CPU
		{4E6F9E5C-0657-47FD-8AE6-247176748091}.Release|Any CPU.Build.0 = Release|Any CPU
		{DEC1BEF5-2BA3-4770-B5F3-09851DC8B8D2}.Debug|Any CPU.ActiveCfg = Debug|Any CPU
		{DEC1BEF5-2BA3-4770-B5F3-09851DC8B8D2}.Debug|Any CPU.Build.0 = Debug|Any CPU
		{DEC1BEF5-2BA3-4770-B5F3-09851DC8B8D2}.Release|Any CPU.ActiveCfg = Release|Any CPU
		{DEC1BEF5-2BA3-4770-B5F3-09851DC8B8D2}.Release|Any CPU.Build.0 = Release|Any CPU
	EndGlobalSection
EndGlobal
